
Microsoft Visual Studio Solution File, Format Version 12.00
# Visual Studio Version 16
VisualStudioVersion = 16.0.29411.138
MinimumVisualStudioVersion = 10.0.40219.1
Project("{9A19103F-16F7-4668-BE54-9A1E7A4F7556}") = "AdventOfCode2018-01", "AdventOfCode2018-01\AdventOfCode2018-01.csproj", "{36FFD0C7-4E44-4138-B4B7-A5C50C459FEE}"
EndProject
Global
	GlobalSection(SolutionConfigurationPlatforms) = preSolution
		Debug|Any CPU = Debug|Any CPU
		Release|Any CPU = Release|Any CPU
	EndGlobalSection
	GlobalSection(ProjectConfigurationPlatforms) = postSolution
		{36FFD0C7-4E44-4138-B4B7-A5C50C459FEE}.Debug|Any CPU.ActiveCfg = Debug|Any CPU
		{36FFD0C7-4E44-4138-B4B7-A5C50C459FEE}.Debug|Any CPU.Build.0 = Debug|Any CPU
		{36FFD0C7-4E44-4138-B4B7-A5C50C459FEE}.Release|Any CPU.ActiveCfg = Release|Any CPU
		{36FFD0C7-4E44-4138-B4B7-A5C50C459FEE}.Release|Any CPU.Build.0 = Release|Any CPU
	EndGlobalSection
	GlobalSection(SolutionProperties) = preSolution
		HideSolutionNode = FALSE
	EndGlobalSection
	GlobalSection(ExtensibilityGlobals) = postSolution
		SolutionGuid = {D2C34163-7419-4669-ACA9-89049DA34359}
	EndGlobalSection
EndGlobal
